
Microsoft Visual Studio Solution File, Format Version 12.00
# Visual Studio Version 17
VisualStudioVersion = 17.8.34309.116
MinimumVisualStudioVersion = 10.0.40219.1
Project("{FAE04EC0-301F-11D3-BF4B-00C04F79EFBC}") = "ContainsDuplicate_UsingDictionary", "ContainsDuplicate_UsingDictionary\ContainsDuplicate_UsingDictionary.csproj", "{FBF997DC-E978-4101-873E-D11F269B164D}"
EndProject
Global
	GlobalSection(SolutionConfigurationPlatforms) = preSolution
		Debug|Any CPU = Debug|Any CPU
		Release|Any CPU = Release|Any CPU
	EndGlobalSection
	GlobalSection(ProjectConfigurationPlatforms) = postSolution
		{FBF997DC-E978-4101-873E-D11F269B164D}.Debug|Any CPU.ActiveCfg = Debug|Any CPU
		{FBF997DC-E978-4101-873E-D11F269B164D}.Debug|Any CPU.Build.0 = Debug|Any CPU
		{FBF997DC-E978-4101-873E-D11F269B164D}.Release|Any CPU.ActiveCfg = Release|Any CPU
		{FBF997DC-E978-4101-873E-D11F269B164D}.Release|Any CPU.Build.0 = Release|Any CPU
	EndGlobalSection
	GlobalSection(SolutionProperties) = preSolution
		HideSolutionNode = FALSE
	EndGlobalSection
	GlobalSection(ExtensibilityGlobals) = postSolution
		SolutionGuid = {F24F9EAE-3861-4515-934B-F76123BCFFC0}
	EndGlobalSection
EndGlobal
