
Microsoft Visual Studio Solution File, Format Version 12.00
# Visual Studio Version 17
VisualStudioVersion = 17.8.34309.116
MinimumVisualStudioVersion = 10.0.40219.1
Project("{FAE04EC0-301F-11D3-BF4B-00C04F79EFBC}") = "MergeSortedArray", "MergeSortedArray\MergeSortedArray.csproj", "{0A449929-B15F-4618-BF12-2CC46FFAD256}"
EndProject
Global
	GlobalSection(SolutionConfigurationPlatforms) = preSolution
		Debug|Any CPU = Debug|Any CPU
		Release|Any CPU = Release|Any CPU
	EndGlobalSection
	GlobalSection(ProjectConfigurationPlatforms) = postSolution
		{0A449929-B15F-4618-BF12-2CC46FFAD256}.Debug|Any CPU.ActiveCfg = Debug|Any CPU
		{0A449929-B15F-4618-BF12-2CC46FFAD256}.Debug|Any CPU.Build.0 = Debug|Any CPU
		{0A449929-B15F-4618-BF12-2CC46FFAD256}.Release|Any CPU.ActiveCfg = Release|Any CPU
		{0A449929-B15F-4618-BF12-2CC46FFAD256}.Release|Any CPU.Build.0 = Release|Any CPU
	EndGlobalSection
	GlobalSection(SolutionProperties) = preSolution
		HideSolutionNode = FALSE
	EndGlobalSection
	GlobalSection(ExtensibilityGlobals) = postSolution
		SolutionGuid = {D5CF22B8-9F36-4F3D-93D0-73A8E1957CAA}
	EndGlobalSection
EndGlobal
