
Microsoft Visual Studio Solution File, Format Version 12.00
# Visual Studio Version 17
VisualStudioVersion = 17.8.34309.116
MinimumVisualStudioVersion = 10.0.40219.1
Project("{FAE04EC0-301F-11D3-BF4B-00C04F79EFBC}") = "ContainerWithMostWater", "ContainerWithMostWater\ContainerWithMostWater.csproj", "{A1CDC754-4DF4-4BBB-B55E-9CD1D66B6B04}"
EndProject
Global
	GlobalSection(SolutionConfigurationPlatforms) = preSolution
		Debug|Any CPU = Debug|Any CPU
		Release|Any CPU = Release|Any CPU
	EndGlobalSection
	GlobalSection(ProjectConfigurationPlatforms) = postSolution
		{A1CDC754-4DF4-4BBB-B55E-9CD1D66B6B04}.Debug|Any CPU.ActiveCfg = Debug|Any CPU
		{A1CDC754-4DF4-4BBB-B55E-9CD1D66B6B04}.Debug|Any CPU.Build.0 = Debug|Any CPU
		{A1CDC754-4DF4-4BBB-B55E-9CD1D66B6B04}.Release|Any CPU.ActiveCfg = Release|Any CPU
		{A1CDC754-4DF4-4BBB-B55E-9CD1D66B6B04}.Release|Any CPU.Build.0 = Release|Any CPU
	EndGlobalSection
	GlobalSection(SolutionProperties) = preSolution
		HideSolutionNode = FALSE
	EndGlobalSection
	GlobalSection(ExtensibilityGlobals) = postSolution
		SolutionGuid = {1907A7EF-8870-4EFF-9DC6-840BF99033C2}
	EndGlobalSection
EndGlobal
